
Microsoft Visual Studio Solution File, Format Version 12.00
# Visual Studio 15
VisualStudioVersion = 15.0.28307.489
MinimumVisualStudioVersion = 10.0.40219.1
Project("{FAE04EC0-301F-11D3-BF4B-00C04F79EFBC}") = "Bhangu_Fire_game", "Bhangu_Fire_game\Bhangu_Fire_game.csproj", "{B49A92A1-82E4-4B37-B02A-FBFBCC4C6304}"
EndProject
Project("{FAE04EC0-301F-11D3-BF4B-00C04F79EFBC}") = "Bhangu_Fire_gameTests", "Bhangu_Fire_gameTests\Bhangu_Fire_gameTests.csproj", "{D1A9F64C-3670-4BEA-8FC6-7495FE7F1EF5}"
EndProject
Global
	GlobalSection(SolutionConfigurationPlatforms) = preSolution
		Debug|Any CPU = Debug|Any CPU
		Release|Any CPU = Release|Any CPU
	EndGlobalSection
	GlobalSection(ProjectConfigurationPlatforms) = postSolution
		{B49A92A1-82E4-4B37-B02A-FBFBCC4C6304}.Debug|Any CPU.ActiveCfg = Debug|Any CPU
		{B49A92A1-82E4-4B37-B02A-FBFBCC4C6304}.Debug|Any CPU.Build.0 = Debug|Any CPU
		{B49A92A1-82E4-4B37-B02A-FBFBCC4C6304}.Release|Any CPU.ActiveCfg = Release|Any CPU
		{B49A92A1-82E4-4B37-B02A-FBFBCC4C6304}.Release|Any CPU.Build.0 = Release|Any CPU
		{D1A9F64C-3670-4BEA-8FC6-7495FE7F1EF5}.Debug|Any CPU.ActiveCfg = Debug|Any CPU
		{D1A9F64C-3670-4BEA-8FC6-7495FE7F1EF5}.Debug|Any CPU.Build.0 = Debug|Any CPU
		{D1A9F64C-3670-4BEA-8FC6-7495FE7F1EF5}.Release|Any CPU.ActiveCfg = Release|Any CPU
		{D1A9F64C-3670-4BEA-8FC6-7495FE7F1EF5}.Release|Any CPU.Build.0 = Release|Any CPU
	EndGlobalSection
	GlobalSection(SolutionProperties) = preSolution
		HideSolutionNode = FALSE
	EndGlobalSection
	GlobalSection(ExtensibilityGlobals) = postSolution
		SolutionGuid = {3D07640A-36FD-4276-8781-CA02418BA893}
	EndGlobalSection
EndGlobal
